{
  "name": "my-browserify-simple-demo",
  "requires": true,
  "lockfileVersion": 1,
  "dependencies": {
    "babel-core": {
      "version": "6.26.0",
      "resolved": "https://registry.npmjs.org/babel-core/-/babel-core-6.26.0.tgz",
      "integrity": "sha1-rzL3izGm/O8RnIew/Y2XU/A6C7g=",
      "dev": true
    },
    "babel-preset-es2015": {
      "version": "6.24.1",
      "resolved": "https://registry.npmjs.org/babel-preset-es2015/-/babel-preset-es2015-6.24.1.tgz",
      "integrity": "sha1-1EBQ1rwsn+6nAqrzjXJ6AhBTiTk=",
      "dev": true
    },
    "babelify": {
      "version": "7.3.0",
      "resolved": "https://registry.npmjs.org/babelify/-/babelify-7.3.0.tgz",
      "integrity": "sha1-qlau3nBn/XvVSWZu4W3ChQh+iOU=",
      "dev": true
    },
    "browserify": {
      "version": "13.3.0",
      "resolved": "https://registry.npmjs.org/browserify/-/browserify-13.3.0.tgz",
      "integrity": "sha1-tanJAgJD8McORnW+yCI7xifkFc4=",
      "dev": true
    },
    "browserify-hmr": {
      "version": "0.4.0",
      "resolved": "https://registry.npmjs.org/browserify-hmr/-/browserify-hmr-0.4.0.tgz",
      "integrity": "sha512-7mvrGboGlrfgZAXUJ3MGOl9XKp+Oqsfs9waXArv+fc+lzOovTOIzs2QCfbb+VxBajyegw0FOcUb6TwcSiPdO/w==",
      "dev": true,
      "requires": {
        "convert-source-map": "^1.1.1",
        "express": "^4.13.3",
        "lodash": "^4.0.0",
        "rsvp": "^4.0.0",
        "socket.io": "^2.0.4",
        "socket.io-client": "^2.0.4",
        "source-map": "^0.7.3",
        "synchd": "^1.0.0",
        "through2": "^3.0.1"
      },
      "dependencies": {
        "inherits": {
          "version": "2.0.4",
          "resolved": "https://registry.npmjs.org/inherits/-/inherits-2.0.4.tgz",
          "integrity": "sha512-k/vGaX4/Yla3WzyMCvTQOXYeIHvqOKtnqBduzTHpzpQZzAskKMhZ2K+EnBiSM9zGSoIFeMpXKxa4dYeZIQqewQ==",
          "dev": true
        },
        "source-map": {
          "version": "0.7.3",
          "resolved": "https://registry.npmjs.org/source-map/-/source-map-0.7.3.tgz",
          "integrity": "sha512-CkCj6giN3S+n9qrYiBTX5gystlENnRW5jZeNLHpe6aue+SrHcG5VYwujhW9s4dY31mEGsxBDrHR6oI69fTXsaQ==",
          "dev": true
        },
        "through2": {
          "version": "3.0.2",
          "resolved": "https://registry.npmjs.org/through2/-/through2-3.0.2.tgz",
          "integrity": "sha512-enaDQ4MUyP2W6ZyT6EsMzqBPZaM/avg8iuo+l2d3QCs0J+6RaqkHV/2/lOwDTueBHeJ/2LG9lrLW3d5rWPucuQ==",
          "dev": true,
          "requires": {
            "inherits": "^2.0.4",
            "readable-stream": "2 || 3"
          }
        }
      }
    },
    "convert-source-map": {
      "version": "1.5.1",
      "resolved": "https://registry.npmjs.org/convert-source-map/-/convert-source-map-1.5.1.tgz",
      "integrity": "sha1-uCeAl7m8IpNl3lxiz1/K7YtVmeU=",
      "dev": true
    },
    "cross-env": {
      "version": "1.0.8",
      "resolved": "https://registry.npmjs.org/cross-env/-/cross-env-1.0.8.tgz",
      "integrity": "sha1-K950jvx4D1bd8H6mn8rYdTV3dM4=",
      "dev": true
    },
    "envify": {
      "version": "3.4.1",
      "resolved": "https://registry.npmjs.org/envify/-/envify-3.4.1.tgz",
      "integrity": "sha1-1xIjKejfFoi6dxsSUBkXyc5cvOg=",
      "dev": true
    },
    "express": {
      "version": "4.16.2",
      "resolved": "https://registry.npmjs.org/express/-/express-4.16.2.tgz",
      "integrity": "sha1-41xt/i1kt9ygpc1PIXgb4ymeB2w=",
      "dev": true
    },
    "http-server": {
      "version": "0.9.0",
      "resolved": "https://registry.npmjs.org/http-server/-/http-server-0.9.0.tgz",
      "integrity": "sha1-jxsGvcczYY1NxCgxx7oa/04GABo=",
      "dev": true
    },
    "lodash": {
      "version": "4.17.5",
      "resolved": "https://registry.npmjs.org/lodash/-/lodash-4.17.5.tgz",
      "integrity": "sha512-svL3uiZf1RwhH+cWrfZn3A4+U58wbP0tGVTLQPbjplZxZ8ROD9VLuNgsRniTlLe7OlSqR79RUehXgpBW/s0IQw==",
      "dev": true
    },
    "npm-run-all": {
      "version": "2.3.0",
      "resolved": "https://registry.npmjs.org/npm-run-all/-/npm-run-all-2.3.0.tgz",
      "integrity": "sha1-2po7nGCUK/eKc54eNcfy2+xtNXE=",
      "dev": true,
      "dependencies": {
        "cross-spawn": {
          "version": "4.0.2",
          "resolved": "https://registry.npmjs.org/cross-spawn/-/cross-spawn-4.0.2.tgz",
          "integrity": "sha1-e5JHYhwjrf3ThWAEqCPL45dCTUE="
        }
      }
    },
    "readable-stream": {
      "version": "2.3.5",
      "resolved": "https://registry.npmjs.org/readable-stream/-/readable-stream-2.3.5.tgz",
      "integrity": "sha512-tK0yDhrkygt/knjowCUiWP9YdV7c5R+8cR0r/kt9ZhBU906Fs6RpQJCEilamRJj1Nx2rWI6LkW9gKqjTkshhEw==",
      "dev": true,
      "dependencies": {
        "string_decoder": {
          "version": "1.0.3",
          "resolved": "https://registry.npmjs.org/string_decoder/-/string_decoder-1.0.3.tgz",
          "integrity": "sha512-4AH6Z5fzNNBcH+6XDMfA/BTt87skxqJlO0lAh3Dker5zThcAxG6mKz+iGu308UKoPPQ8Dcqx/4JhujzltRa+hQ=="
        }
      }
    },
    "rsvp": {
      "version": "4.8.2",
      "resolved": "https://registry.npmjs.org/rsvp/-/rsvp-4.8.2.tgz",
      "integrity": "sha512-8CU1Wjxvzt6bt8zln+hCjyieneU9s0LRW+lPRsjyVCY8Vm1kTbK7btBIrCGg6yY9U4undLDm/b1hKEEi1tLypg==",
      "dev": true
    },
    "socket.io": {
      "version": "2.0.4",
      "resolved": "https://registry.npmjs.org/socket.io/-/socket.io-2.0.4.tgz",
      "integrity": "sha1-waRZDO/4fs8TxyZS8Eb3FrKeYBQ=",
      "dev": true
    },
    "socket.io-client": {
      "version": "2.0.4",
      "resolved": "https://registry.npmjs.org/socket.io-client/-/socket.io-client-2.0.4.tgz",
      "integrity": "sha1-CRilUkBtxeVAs4Dc2Xr8SmQzL44=",
      "dev": true
    },
    "synchd": {
      "version": "1.0.2",
      "resolved": "https://registry.npmjs.org/synchd/-/synchd-1.0.2.tgz",
      "integrity": "sha1-U3likH554tEAfZlo5G9DWmPB1Y4=",
      "dev": true
    },
    "uglify-js": {
      "version": "2.8.29",
      "resolved": "https://registry.npmjs.org/uglify-js/-/uglify-js-2.8.29.tgz",
      "integrity": "sha1-KcVzMUgFe7Th913zW3qcty5qWd0=",
      "dev": true
    },
    "vue": {
      "version": "2.5.15",
      "resolved": "https://registry.npmjs.org/vue/-/vue-2.5.15.tgz",
      "integrity": "sha512-uUcDI147VCQYA/9AqoEECddWdTQgrhnwAd6KDsl0pF1hiLpxqaYqIgArhnegU+QZ18DQrKvZNcR3x2QM1iaroQ=="
    },
    "vueify": {
      "version": "9.4.1",
      "resolved": "https://registry.npmjs.org/vueify/-/vueify-9.4.1.tgz",
      "integrity": "sha1-0pqXdaM8S4qGAeGGqF2iq4AMoNY=",
      "dev": true
    },
    "watchify": {
      "version": "3.11.0",
      "resolved": "https://registry.npmjs.org/watchify/-/watchify-3.11.0.tgz",
      "integrity": "sha512-7jWG0c3cKKm2hKScnSAMUEUjRJKXUShwMPk0ASVhICycQhwND3IMAdhJYmc1mxxKzBUJTSF5HZizfrKrS6BzkA==",
      "dev": true,
      "dependencies": {
        "browserify": {
          "version": "16.1.1",
          "resolved": "https://registry.npmjs.org/browserify/-/browserify-16.1.1.tgz",
          "integrity": "sha512-iSH21jK0+IApV8YHOfmGt1qsGd74oflQ1Ko/28JOkWLFNBngAQfKb6WYIJ9CufH8vycqKX1sYU3y7ZrVhwevAg=="
        },
        "browserify-zlib": {
          "version": "0.2.0",
          "resolved": "https://registry.npmjs.org/browserify-zlib/-/browserify-zlib-0.2.0.tgz",
          "integrity": "sha512-Z942RysHXmJrhqk88FmKBVq/v5tqmSkDz7p54G/MGyjMnCFFnC79XWNbg+Vta8W6Wb2qtSZTSxIGkJrRpCFEiA=="
        },
        "buffer": {
          "version": "5.1.0",
          "resolved": "https://registry.npmjs.org/buffer/-/buffer-5.1.0.tgz",
          "integrity": "sha512-YkIRgwsZwJWTnyQrsBTWefizHh+8GYj3kbL1BTiAQ/9pwpino0G7B2gp5tx/FUBqUlvtxV85KNR3mwfAtv15Yw=="
        },
        "concat-stream": {
          "version": "1.6.1",
          "resolved": "https://registry.npmjs.org/concat-stream/-/concat-stream-1.6.1.tgz",
          "integrity": "sha512-gslSSJx03QKa59cIKqeJO9HQ/WZMotvYJCuaUULrLpjj8oG40kV2Z+gz82pVxlTkOADi4PJxQPPfhl1ELYrrXw=="
        },
        "detective": {
          "version": "5.1.0",
          "resolved": "https://registry.npmjs.org/detective/-/detective-5.1.0.tgz",
          "integrity": "sha512-TFHMqfOvxlgrfVzTEkNBSh9SvSNX/HfF4OFI2QFGCyPm02EsyILqnUeb5P6q7JZ3SFNTBL5t2sePRgrN4epUWQ=="
        },
        "domain-browser": {
          "version": "1.2.0",
          "resolved": "https://registry.npmjs.org/domain-browser/-/domain-browser-1.2.0.tgz",
          "integrity": "sha512-jnjyiM6eRyZl2H+W8Q/zLMA481hzi0eszAaBUzIVnmYVDBbnLxVNnfu1HgEBvCbL+71FrxMl3E6lpKH7Ge3OXA=="
        },
        "events": {
          "version": "2.0.0",
          "resolved": "https://registry.npmjs.org/events/-/events-2.0.0.tgz",
          "integrity": "sha512-r/M5YkNg9zwI8QbSf7tsDWWJvO3PGwZXyG7GpFAxtMASnHL2eblFd7iHiGPtyGKKFPZ59S63NeX10Ws6WqGDcg=="
        },
        "https-browserify": {
          "version": "1.0.0",
          "resolved": "https://registry.npmjs.org/https-browserify/-/https-browserify-1.0.0.tgz",
          "integrity": "sha1-7AbBDgo0wPL68Zn3/X/Hj//QPHM="
        },
        "minimist": {
          "version": "1.2.0",
          "resolved": "https://registry.npmjs.org/minimist/-/minimist-1.2.0.tgz",
          "integrity": "sha1-o1AIsg9BOD7sH7kU9M1d95omQoQ="
        },
        "module-deps": {
          "version": "6.0.0",
          "resolved": "https://registry.npmjs.org/module-deps/-/module-deps-6.0.0.tgz",
          "integrity": "sha512-BKsMhJJENEM4dTgqq2MDTTHXRHcNUFegoAwlG4HO4VMdUyMcJDKgfgI+MOv6tR5Iv8G3MKZFgsSiyP3ZoosRMw=="
        },
        "os-browserify": {
          "version": "0.3.0",
          "resolved": "https://registry.npmjs.org/os-browserify/-/os-browserify-0.3.0.tgz",
          "integrity": "sha1-hUNzx/XCMVkU/Jv8a9gjj92h7Cc="
        },
        "pako": {
          "version": "1.0.6",
          "resolved": "https://registry.npmjs.org/pako/-/pako-1.0.6.tgz",
          "integrity": "sha512-lQe48YPsMJAig+yngZ87Lus+NF+3mtu7DVOBu6b/gHO1YpKwIj5AWjZ/TOS7i46HD/UixzWb1zeWDZfGZ3iYcg=="
        },
        "string_decoder": {
          "version": "1.0.3",
          "resolved": "https://registry.npmjs.org/string_decoder/-/string_decoder-1.0.3.tgz",
          "integrity": "sha512-4AH6Z5fzNNBcH+6XDMfA/BTt87skxqJlO0lAh3Dker5zThcAxG6mKz+iGu308UKoPPQ8Dcqx/4JhujzltRa+hQ=="
        }
      }
    }
  }
}
